
Microsoft Visual Studio Solution File, Format Version 12.00
# Visual Studio Version 16
VisualStudioVersion = 16.0.28803.452
MinimumVisualStudioVersion = 10.0.40219.1
Project("{FAE04EC0-301F-11D3-BF4B-00C04F79EFBC}") = "CAI_EjercicioXI", "CAI_EjercicioXI\CAI_EjercicioXI.csproj", "{35D2F0DC-5F4C-43F7-A42A-4B1019E98613}"
EndProject
Global
	GlobalSection(SolutionConfigurationPlatforms) = preSolution
		Debug|Any CPU = Debug|Any CPU
		Release|Any CPU = Release|Any CPU
	EndGlobalSection
	GlobalSection(ProjectConfigurationPlatforms) = postSolution
		{35D2F0DC-5F4C-43F7-A42A-4B1019E98613}.Debug|Any CPU.ActiveCfg = Debug|Any CPU
		{35D2F0DC-5F4C-43F7-A42A-4B1019E98613}.Debug|Any CPU.Build.0 = Debug|Any CPU
		{35D2F0DC-5F4C-43F7-A42A-4B1019E98613}.Release|Any CPU.ActiveCfg = Release|Any CPU
		{35D2F0DC-5F4C-43F7-A42A-4B1019E98613}.Release|Any CPU.Build.0 = Release|Any CPU
	EndGlobalSection
	GlobalSection(SolutionProperties) = preSolution
		HideSolutionNode = FALSE
	EndGlobalSection
	GlobalSection(ExtensibilityGlobals) = postSolution
		SolutionGuid = {E3C91C82-5FA7-40BC-A27A-4795F178F3BD}
	EndGlobalSection
EndGlobal
